
Microsoft Visual Studio Solution File, Format Version 12.00
# Visual Studio Version 17
VisualStudioVersion = 17.5.33516.290
MinimumVisualStudioVersion = 10.0.40219.1
Project("{FAE04EC0-301F-11D3-BF4B-00C04F79EFBC}") = "SSWContorol", "SSWContorol.csproj", "{6E990DC7-D746-4526-9552-1AB33823F986}"
EndProject
Global
	GlobalSection(SolutionConfigurationPlatforms) = preSolution
		Debug|Any CPU = Debug|Any CPU
		Release|Any CPU = Release|Any CPU
	EndGlobalSection
	GlobalSection(ProjectConfigurationPlatforms) = postSolution
		{6E990DC7-D746-4526-9552-1AB33823F986}.Debug|Any CPU.ActiveCfg = Debug|Any CPU
		{6E990DC7-D746-4526-9552-1AB33823F986}.Debug|Any CPU.Build.0 = Debug|Any CPU
		{6E990DC7-D746-4526-9552-1AB33823F986}.Release|Any CPU.ActiveCfg = Release|Any CPU
		{6E990DC7-D746-4526-9552-1AB33823F986}.Release|Any CPU.Build.0 = Release|Any CPU
	EndGlobalSection
	GlobalSection(SolutionProperties) = preSolution
		HideSolutionNode = FALSE
	EndGlobalSection
	GlobalSection(ExtensibilityGlobals) = postSolution
		SolutionGuid = {A07D3E58-E7A6-40B9-AA66-294219FCD55A}
	EndGlobalSection
EndGlobal
