
Microsoft Visual Studio Solution File, Format Version 12.00
# Visual Studio Version 17
VisualStudioVersion = 17.5.33516.290
MinimumVisualStudioVersion = 10.0.40219.1
Project("{FAE04EC0-301F-11D3-BF4B-00C04F79EFBC}") = "RSWMonitor.MainApp", "RSWMonitor.MainApp.csproj", "{0D9526A1-E8DC-4F74-885F-EBE718970C37}"
EndProject
Project("{FAE04EC0-301F-11D3-BF4B-00C04F79EFBC}") = "RSWMonitor.RemoteMonitor", "..\RSWMonitor.RemoteMonitor\RSWMonitor.RemoteMonitor.csproj", "{06B47928-4783-4676-B03F-84D3C467E35F}"
EndProject
Global
	GlobalSection(SolutionConfigurationPlatforms) = preSolution
		Debug|Any CPU = Debug|Any CPU
		Release|Any CPU = Release|Any CPU
	EndGlobalSection
	GlobalSection(ProjectConfigurationPlatforms) = postSolution
		{0D9526A1-E8DC-4F74-885F-EBE718970C37}.Debug|Any CPU.ActiveCfg = Debug|Any CPU
		{0D9526A1-E8DC-4F74-885F-EBE718970C37}.Debug|Any CPU.Build.0 = Debug|Any CPU
		{0D9526A1-E8DC-4F74-885F-EBE718970C37}.Release|Any CPU.ActiveCfg = Release|Any CPU
		{0D9526A1-E8DC-4F74-885F-EBE718970C37}.Release|Any CPU.Build.0 = Release|Any CPU
		{06B47928-4783-4676-B03F-84D3C467E35F}.Debug|Any CPU.ActiveCfg = Debug|Any CPU
		{06B47928-4783-4676-B03F-84D3C467E35F}.Debug|Any CPU.Build.0 = Debug|Any CPU
		{06B47928-4783-4676-B03F-84D3C467E35F}.Release|Any CPU.ActiveCfg = Release|Any CPU
		{06B47928-4783-4676-B03F-84D3C467E35F}.Release|Any CPU.Build.0 = Release|Any CPU
	EndGlobalSection
	GlobalSection(SolutionProperties) = preSolution
		HideSolutionNode = FALSE
	EndGlobalSection
	GlobalSection(ExtensibilityGlobals) = postSolution
		SolutionGuid = {B8CF220A-019E-45B2-8F11-45747590B7D6}
	EndGlobalSection
EndGlobal
