
Microsoft Visual Studio Solution File, Format Version 12.00
# Visual Studio Version 17
VisualStudioVersion = 17.5.33516.290
MinimumVisualStudioVersion = 10.0.40219.1
Project("{9A19103F-16F7-4668-BE54-9A1E7A4F7556}") = "PulseCheck.MainApp", "PulseCheck.MainApp.csproj", "{0D9526A1-E8DC-4F74-885F-EBE718970C37}"
EndProject
Project("{9A19103F-16F7-4668-BE54-9A1E7A4F7556}") = "PulseCheck.RemoteMonitor", "..\PulseCheck.RemoteMonitor\PulseCheck.RemoteMonitor.csproj", "{06B47928-4783-4676-B03F-84D3C467E35F}"
EndProject
Project("{FAE04EC0-301F-11D3-BF4B-00C04F79EFBC}") = "PulseCheck.RemoteMonitor.Configurator", "..\PulseCheck.RemoteMonitor.Configurator\PulseCheck.RemoteMonitor.Configurator.csproj", "{4FF32AFD-9211-4A69-993F-9A4A3F059F0C}"
EndProject
Global
	GlobalSection(SolutionConfigurationPlatforms) = preSolution
		Debug|Any CPU = Debug|Any CPU
		Release|Any CPU = Release|Any CPU
	EndGlobalSection
	GlobalSection(ProjectConfigurationPlatforms) = postSolution
		{0D9526A1-E8DC-4F74-885F-EBE718970C37}.Debug|Any CPU.ActiveCfg = Debug|Any CPU
		{0D9526A1-E8DC-4F74-885F-EBE718970C37}.Debug|Any CPU.Build.0 = Debug|Any CPU
		{0D9526A1-E8DC-4F74-885F-EBE718970C37}.Release|Any CPU.ActiveCfg = Release|Any CPU
		{0D9526A1-E8DC-4F74-885F-EBE718970C37}.Release|Any CPU.Build.0 = Release|Any CPU
		{06B47928-4783-4676-B03F-84D3C467E35F}.Debug|Any CPU.ActiveCfg = Debug|Any CPU
		{06B47928-4783-4676-B03F-84D3C467E35F}.Debug|Any CPU.Build.0 = Debug|Any CPU
		{06B47928-4783-4676-B03F-84D3C467E35F}.Release|Any CPU.ActiveCfg = Release|Any CPU
		{06B47928-4783-4676-B03F-84D3C467E35F}.Release|Any CPU.Build.0 = Release|Any CPU
		{4FF32AFD-9211-4A69-993F-9A4A3F059F0C}.Debug|Any CPU.ActiveCfg = Debug|Any CPU
		{4FF32AFD-9211-4A69-993F-9A4A3F059F0C}.Debug|Any CPU.Build.0 = Debug|Any CPU
		{4FF32AFD-9211-4A69-993F-9A4A3F059F0C}.Release|Any CPU.ActiveCfg = Release|Any CPU
		{4FF32AFD-9211-4A69-993F-9A4A3F059F0C}.Release|Any CPU.Build.0 = Release|Any CPU
	EndGlobalSection
	GlobalSection(SolutionProperties) = preSolution
		HideSolutionNode = FALSE
	EndGlobalSection
	GlobalSection(ExtensibilityGlobals) = postSolution
		SolutionGuid = {B8CF220A-019E-45B2-8F11-45747590B7D6}
	EndGlobalSection
EndGlobal
